
Microsoft Visual Studio Solution File, Format Version 12.00
# Visual Studio Version 17
VisualStudioVersion = 17.4.33122.133
MinimumVisualStudioVersion = 10.0.40219.1
Project("{FAE04EC0-301F-11D3-BF4B-00C04F79EFBC}") = "analizin-data", "analizin-data.csproj", "{4E5B10CC-52DF-4BA3-A094-155E4FD85464}"
EndProject
Global
	GlobalSection(SolutionConfigurationPlatforms) = preSolution
		Debug|Any CPU = Debug|Any CPU
		Release|Any CPU = Release|Any CPU
	EndGlobalSection
	GlobalSection(ProjectConfigurationPlatforms) = postSolution
		{4E5B10CC-52DF-4BA3-A094-155E4FD85464}.Debug|Any CPU.ActiveCfg = Debug|Any CPU
		{4E5B10CC-52DF-4BA3-A094-155E4FD85464}.Debug|Any CPU.Build.0 = Debug|Any CPU
		{4E5B10CC-52DF-4BA3-A094-155E4FD85464}.Release|Any CPU.ActiveCfg = Release|Any CPU
		{4E5B10CC-52DF-4BA3-A094-155E4FD85464}.Release|Any CPU.Build.0 = Release|Any CPU
	EndGlobalSection
	GlobalSection(SolutionProperties) = preSolution
		HideSolutionNode = FALSE
	EndGlobalSection
	GlobalSection(ExtensibilityGlobals) = postSolution
		SolutionGuid = {CCDB72F3-F88A-47D8-B120-6F42B8CE4770}
	EndGlobalSection
EndGlobal
